{
  "name": "code-with-engineering-playbook",
  "lockfileVersion": 2,
  "requires": true,
  "packages": {
    "": {
      "dependencies": {
        "markdown-link-check": "3.9.3",
        "markdownlint-cli": "^0.22.0",
        "run-script-os": "1.1.5"
      }
    },
    "node_modules/ansi-styles": {
      "version": "4.3.0",
      "resolved": "https://registry.npmjs.org/ansi-styles/-/ansi-styles-4.3.0.tgz",
      "integrity": "sha512-zbB9rCJAT1rbjiVDb2hqKFHNYLxgtk8NURxZ3IZwD3F6NtxbXZQCnnSi1Lkx+IDohdPlFp222wVALIheZJQSEg==",
      "dependencies": {
        "color-convert": "^2.0.1"
      },
      "engines": {
        "node": ">=8"
      },
      "funding": {
        "url": "https://github.com/chalk/ansi-styles?sponsor=1"
      }
    },
    "node_modules/argparse": {
      "version": "1.0.10",
      "resolved": "https://registry.npmjs.org/argparse/-/argparse-1.0.10.tgz",
      "integrity": "sha512-o5Roy6tNG4SL/FOkCAN6RzjiakZS25RLYFrcMttJqbdd8BWrnA+fGz57iN5Pb06pvBGvl5gQ0B48dJlslXvoTg==",
      "dependencies": {
        "sprintf-js": "~1.0.2"
      }
    },
    "node_modules/async": {
      "version": "3.2.3",
      "resolved": "https://registry.npmjs.org/async/-/async-3.2.3.tgz",
      "integrity": "sha512-spZRyzKL5l5BZQrr/6m/SqFdBN0q3OCI0f9rjfBzCMBIP4p75P620rR3gTmaksNOhmzgdxcaxdNfMy6anrbM0g=="
    },
    "node_modules/balanced-match": {
      "version": "1.0.0",
      "resolved": "https://registry.npmjs.org/balanced-match/-/balanced-match-1.0.0.tgz",
      "integrity": "sha1-ibTRmasr7kneFk6gK4nORi1xt2c="
    },
    "node_modules/brace-expansion": {
      "version": "1.1.11",
      "resolved": "https://registry.npmjs.org/brace-expansion/-/brace-expansion-1.1.11.tgz",
      "integrity": "sha512-iCuPHDFgrHX7H2vEI/5xpz07zSHB00TpugqhmYtVmMO6518mCuRMoOYFldEBl0g187ufozdaHgWKcYFb61qGiA==",
      "dependencies": {
        "balanced-match": "^1.0.0",
        "concat-map": "0.0.1"
      }
    },
    "node_modules/chalk": {
      "version": "4.1.2",
      "resolved": "https://registry.npmjs.org/chalk/-/chalk-4.1.2.tgz",
      "integrity": "sha512-oKnbhFyRIXpUuez8iBMmyEa4nbj4IOQyuhc/wy9kY7/WVPcwIO9VA668Pu8RkO7+0G76SLROeyw9CpQ061i4mA==",
      "dependencies": {
        "ansi-styles": "^4.1.0",
        "supports-color": "^7.1.0"
      },
      "engines": {
        "node": ">=10"
      },
      "funding": {
        "url": "https://github.com/chalk/chalk?sponsor=1"
      }
    },
    "node_modules/color-convert": {
      "version": "2.0.1",
      "resolved": "https://registry.npmjs.org/color-convert/-/color-convert-2.0.1.tgz",
      "integrity": "sha512-RRECPsj7iu/xb5oKYcsFHSppFNnsj/52OVTRKb4zP5onXwVF3zVmmToNcOfGC+CRDpfK/U584fMg38ZHCaElKQ==",
      "dependencies": {
        "color-name": "~1.1.4"
      },
      "engines": {
        "node": ">=7.0.0"
      }
    },
    "node_modules/color-name": {
      "version": "1.1.4",
      "resolved": "https://registry.npmjs.org/color-name/-/color-name-1.1.4.tgz",
      "integrity": "sha512-dOy+3AuW3a2wNbZHIuMZpTcgjGuLU/uBL/ubcZF9OXbDo8ff4O8yVp5Bf0efS8uEoYo5q4Fx7dY9OgQGXgAsQA=="
    },
    "node_modules/commander": {
      "version": "2.9.0",
      "resolved": "https://registry.npmjs.org/commander/-/commander-2.9.0.tgz",
      "integrity": "sha1-nJkJQXbhIkDLItbFFGCYQA/g99Q=",
      "dependencies": {
        "graceful-readlink": ">= 1.0.0"
      },
      "engines": {
        "node": ">= 0.6.x"
      }
    },
    "node_modules/concat-map": {
      "version": "0.0.1",
      "resolved": "https://registry.npmjs.org/concat-map/-/concat-map-0.0.1.tgz",
      "integrity": "sha1-2Klr13/Wjfd5OnMDajug1UBdR3s="
    },
    "node_modules/debug": {
      "version": "3.2.7",
      "resolved": "https://registry.npmjs.org/debug/-/debug-3.2.7.tgz",
      "integrity": "sha512-CFjzYYAi4ThfiQvizrFQevTTXHtnCqWfe7x1AhgEscTz6ZbLbfoLRLPugTQyBth6f8ZERVUSyWHFD/7Wu4t1XQ==",
      "dependencies": {
        "ms": "^2.1.1"
      }
    },
    "node_modules/deep-extend": {
      "version": "0.5.1",
      "resolved": "https://registry.npmjs.org/deep-extend/-/deep-extend-0.5.1.tgz",
      "integrity": "sha512-N8vBdOa+DF7zkRrDCsaOXoCs/E2fJfx9B9MrKnnSiHNh4ws7eSys6YQE4KvT1cecKmOASYQBhbKjeuDD9lT81w==",
      "engines": {
        "iojs": ">=1.0.0",
        "node": ">=0.10.0"
      }
    },
    "node_modules/entities": {
      "version": "2.0.2",
      "resolved": "https://registry.npmjs.org/entities/-/entities-2.0.2.tgz",
      "integrity": "sha512-dmD3AvJQBUjKpcNkoqr+x+IF0SdRtPz9Vk0uTy4yWqga9ibB6s4v++QFWNohjiUGoMlF552ZvNyXDxz5iW0qmw=="
    },
    "node_modules/esprima": {
      "version": "4.0.1",
      "resolved": "https://registry.npmjs.org/esprima/-/esprima-4.0.1.tgz",
      "integrity": "sha512-eGuFFw7Upda+g4p+QHvnW0RyTX/SVeJBDM/gCtMARO0cLuT2HcEKnTPvhjV6aGeqrCB/sbNop0Kszm0jsaWU4A==",
      "bin": {
        "esparse": "bin/esparse.js",
        "esvalidate": "bin/esvalidate.js"
      },
      "engines": {
        "node": ">=4"
      }
    },
    "node_modules/fs.realpath": {
      "version": "1.0.0",
      "resolved": "https://registry.npmjs.org/fs.realpath/-/fs.realpath-1.0.0.tgz",
      "integrity": "sha1-FQStJSMVjKpA20onh8sBQRmU6k8="
    },
    "node_modules/get-stdin": {
      "version": "5.0.1",
      "resolved": "https://registry.npmjs.org/get-stdin/-/get-stdin-5.0.1.tgz",
      "integrity": "sha1-Ei4WFZHiH/TFJTAwVpPyDmOTo5g=",
      "engines": {
        "node": ">=0.12.0"
      }
    },
    "node_modules/glob": {
      "version": "7.1.6",
      "resolved": "https://registry.npmjs.org/glob/-/glob-7.1.6.tgz",
      "integrity": "sha512-LwaxwyZ72Lk7vZINtNNrywX0ZuLyStrdDtabefZKAY5ZGJhVtgdznluResxNmPitE0SAO+O26sWTHeKSI2wMBA==",
      "dependencies": {
        "fs.realpath": "^1.0.0",
        "inflight": "^1.0.4",
        "inherits": "2",
        "minimatch": "^3.0.4",
        "once": "^1.3.0",
        "path-is-absolute": "^1.0.0"
      },
      "engines": {
        "node": "*"
      }
    },
    "node_modules/graceful-readlink": {
      "version": "1.0.1",
      "resolved": "https://registry.npmjs.org/graceful-readlink/-/graceful-readlink-1.0.1.tgz",
      "integrity": "sha1-TK+tdrxi8C+gObL5Tpo906ORpyU="
    },
    "node_modules/has-flag": {
      "version": "4.0.0",
      "resolved": "https://registry.npmjs.org/has-flag/-/has-flag-4.0.0.tgz",
      "integrity": "sha512-EykJT/Q1KjTWctppgIAgfSO0tKVuZUjhgMr17kqTumMl6Afv3EISleU7qZUzoXDFTAHTDC4NOoG/ZxU3EvlMPQ==",
      "engines": {
        "node": ">=8"
      }
    },
    "node_modules/iconv-lite": {
      "version": "0.4.24",
      "resolved": "https://registry.npmjs.org/iconv-lite/-/iconv-lite-0.4.24.tgz",
      "integrity": "sha512-v3MXnZAcvnywkTUEZomIActle7RXXeedOR31wwl7VlyoXO4Qi9arvSenNQWne1TcRwhCL1HwLI21bEqdpj8/rA==",
      "dependencies": {
        "safer-buffer": ">= 2.1.2 < 3"
      },
      "engines": {
        "node": ">=0.10.0"
      }
    },
    "node_modules/ignore": {
      "version": "5.1.6",
      "resolved": "https://registry.npmjs.org/ignore/-/ignore-5.1.6.tgz",
      "integrity": "sha512-cgXgkypZBcCnOgSihyeqbo6gjIaIyDqPQB7Ra4vhE9m6kigdGoQDMHjviFhRZo3IMlRy6yElosoviMs5YxZXUA==",
      "engines": {
        "node": ">= 4"
      }
    },
    "node_modules/inflight": {
      "version": "1.0.6",
      "resolved": "https://registry.npmjs.org/inflight/-/inflight-1.0.6.tgz",
      "integrity": "sha1-Sb1jMdfQLQwJvJEKEHW6gWW1bfk=",
      "dependencies": {
        "once": "^1.3.0",
        "wrappy": "1"
      }
    },
    "node_modules/inherits": {
      "version": "2.0.4",
      "resolved": "https://registry.npmjs.org/inherits/-/inherits-2.0.4.tgz",
      "integrity": "sha512-k/vGaX4/Yla3WzyMCvTQOXYeIHvqOKtnqBduzTHpzpQZzAskKMhZ2K+EnBiSM9zGSoIFeMpXKxa4dYeZIQqewQ=="
    },
    "node_modules/ini": {
      "version": "1.3.8",
      "resolved": "https://registry.npmjs.org/ini/-/ini-1.3.8.tgz",
      "integrity": "sha512-JV/yugV2uzW5iMRSiZAyDtQd+nxtUnjeLt0acNdw98kKLrvuRVyB80tsREOE7yvGVgalhZ6RNXCmEHkUKBKxew=="
    },
    "node_modules/is-absolute-url": {
      "version": "3.0.3",
      "resolved": "https://registry.npmjs.org/is-absolute-url/-/is-absolute-url-3.0.3.tgz",
      "integrity": "sha512-opmNIX7uFnS96NtPmhWQgQx6/NYFgsUXYMllcfzwWKUMwfo8kku1TvE6hkNcH+Q1ts5cMVrsY7j0bxXQDciu9Q==",
      "engines": {
        "node": ">=8"
      }
    },
    "node_modules/is-relative-url": {
      "version": "3.0.0",
      "resolved": "https://registry.npmjs.org/is-relative-url/-/is-relative-url-3.0.0.tgz",
      "integrity": "sha512-U1iSYRlY2GIMGuZx7gezlB5dp1Kheaym7zKzO1PV06mOihiWTXejLwm4poEJysPyXF+HtK/BEd0DVlcCh30pEA==",
      "dependencies": {
        "is-absolute-url": "^3.0.0"
      },
      "engines": {
        "node": ">=8"
      }
    },
    "node_modules/isemail": {
      "version": "3.2.0",
      "resolved": "https://registry.npmjs.org/isemail/-/isemail-3.2.0.tgz",
      "integrity": "sha512-zKqkK+O+dGqevc93KNsbZ/TqTUFd46MwWjYOoMrjIMZ51eU7DtQG3Wmd9SQQT7i7RVnuTPEiYEWHU3MSbxC1Tg==",
      "dependencies": {
        "punycode": "2.x.x"
      },
      "engines": {
        "node": ">=4.0.0"
      }
    },
    "node_modules/js-yaml": {
      "version": "3.13.1",
      "resolved": "https://registry.npmjs.org/js-yaml/-/js-yaml-3.13.1.tgz",
      "integrity": "sha512-YfbcO7jXDdyj0DGxYVSlSeQNHbD7XPWvrVWeVUujrQEoZzWJIRrCPoyk6kL6IAjAG2IolMK4T0hNUe0HOUs5Jw==",
      "dependencies": {
        "argparse": "^1.0.7",
        "esprima": "^4.0.0"
      },
      "bin": {
        "js-yaml": "bin/js-yaml.js"
      }
    },
    "node_modules/jsonc-parser": {
      "version": "2.2.1",
      "resolved": "https://registry.npmjs.org/jsonc-parser/-/jsonc-parser-2.2.1.tgz",
      "integrity": "sha512-o6/yDBYccGvTz1+QFevz6l6OBZ2+fMVu2JZ9CIhzsYRX4mjaK5IyX9eldUdCmga16zlgQxyrj5pt9kzuj2C02w=="
    },
    "node_modules/link-check": {
      "version": "5.0.2",
      "resolved": "https://registry.npmjs.org/link-check/-/link-check-5.0.2.tgz",
      "integrity": "sha512-F7k7HzOFY3lh11o3nQTCfi3HTrUMbn/0LQ5aBU7vgronoh8HWGZfRC4Jh0ghuQDbtTGNO4u4is6AoqK0hsYDJg==",
      "dependencies": {
        "is-relative-url": "^3.0.0",
        "isemail": "^3.2.0",
        "ms": "^2.1.3",
        "needle": "^3.0.0"
      }
    },
    "node_modules/linkify-it": {
      "version": "2.2.0",
      "resolved": "https://registry.npmjs.org/linkify-it/-/linkify-it-2.2.0.tgz",
      "integrity": "sha512-GnAl/knGn+i1U/wjBz3akz2stz+HrHLsxMwHQGofCDfPvlf+gDKN58UtfmUquTY4/MXeE2x7k19KQmeoZi94Iw==",
      "dependencies": {
        "uc.micro": "^1.0.1"
      }
    },
    "node_modules/lodash": {
      "version": "4.17.21",
      "resolved": "https://registry.npmjs.org/lodash/-/lodash-4.17.21.tgz",
      "integrity": "sha512-v2kDEe57lecTulaDIuNTPy3Ry4gLGJ6Z1O3vE1krgXZNrsQ+LFTGHVxVjcXPs17LhbZVGedAJv8XZ1tvj5FvSg=="
    },
    "node_modules/lodash.differencewith": {
      "version": "4.5.0",
      "resolved": "https://registry.npmjs.org/lodash.differencewith/-/lodash.differencewith-4.5.0.tgz",
      "integrity": "sha1-uvr7yRi1UVTheRdqALsK76rIVLc="
    },
    "node_modules/lodash.flatten": {
      "version": "4.4.0",
      "resolved": "https://registry.npmjs.org/lodash.flatten/-/lodash.flatten-4.4.0.tgz",
      "integrity": "sha1-8xwiIlqWMtK7+OSt2+8kCqdlph8="
    },
    "node_modules/markdown-it": {
      "version": "10.0.0",
      "resolved": "https://registry.npmjs.org/markdown-it/-/markdown-it-10.0.0.tgz",
      "integrity": "sha512-YWOP1j7UbDNz+TumYP1kpwnP0aEa711cJjrAQrzd0UXlbJfc5aAq0F/PZHjiioqDC1NKgvIMX+o+9Bk7yuM2dg==",
      "dependencies": {
        "argparse": "^1.0.7",
        "entities": "~2.0.0",
        "linkify-it": "^2.0.0",
        "mdurl": "^1.0.1",
        "uc.micro": "^1.0.5"
      },
      "bin": {
        "markdown-it": "bin/markdown-it.js"
      }
    },
    "node_modules/markdown-link-check": {
      "version": "3.9.3",
      "resolved": "https://registry.npmjs.org/markdown-link-check/-/markdown-link-check-3.9.3.tgz",
      "integrity": "sha512-eXW4jTs0z7MBnTnpgaM+jRNtEwBjKCW3yldNCE4v7kHqpm4BTGPaBbXqzt/Kdz1/fZl91hIXgBE/21yps1PtIQ==",
      "dependencies": {
        "async": "^3.2.3",
        "chalk": "^4.1.2",
        "commander": "^6.2.0",
        "link-check": "^5.0.2",
        "lodash": "^4.17.21",
        "markdown-link-extractor": "^1.3.1",
        "needle": "^3.0.0",
        "progress": "^2.0.3"
      },
      "bin": {
        "markdown-link-check": "markdown-link-check"
      }
    },
    "node_modules/markdown-link-check/node_modules/commander": {
      "version": "6.2.1",
      "resolved": "https://registry.npmjs.org/commander/-/commander-6.2.1.tgz",
      "integrity": "sha512-U7VdrJFnJgo4xjrHpTzu0yrHPGImdsmD95ZlgYSEajAn2JKzDhDTPG9kBTefmObL2w/ngeZnilk+OV9CG3d7UA==",
      "engines": {
        "node": ">= 6"
      }
    },
    "node_modules/markdown-link-extractor": {
      "version": "1.3.1",
      "resolved": "https://registry.npmjs.org/markdown-link-extractor/-/markdown-link-extractor-1.3.1.tgz",
      "integrity": "sha512-IosNBtHXplzEq2n9WoSi83LNLCWgLnb+8Xq379Ct5xrLLzmqPUtc+A1oqo6Sd32YfKus9uLedFNSwFK1sCzoNQ==",
      "dependencies": {
        "marked": "^4.0.10"
      }
    },
    "node_modules/markdownlint": {
      "version": "0.19.0",
      "resolved": "https://registry.npmjs.org/markdownlint/-/markdownlint-0.19.0.tgz",
      "integrity": "sha512-+MsWOnYVUH4klcKM7iRx5cno9FQMDAb6FC6mWlZkeXPwIaK6Z5Vd9VkXkykPidRqmLHU2wI+MNyfUMnUCBw3pQ==",
      "dependencies": {
        "markdown-it": "10.0.0"
      },
      "engines": {
        "node": ">=10"
      }
    },
    "node_modules/markdownlint-cli": {
      "version": "0.22.0",
      "resolved": "https://registry.npmjs.org/markdownlint-cli/-/markdownlint-cli-0.22.0.tgz",
      "integrity": "sha512-qRg6tK5dXWqkaFvEstz9YSQal1ECMgofrSZgdBOaPWG8cD50pk8Hs0ZpBCJ6SCHPKF71pCdtuSL2u82sIx2XWA==",
      "dependencies": {
        "commander": "~2.9.0",
        "deep-extend": "~0.5.1",
        "get-stdin": "~5.0.1",
        "glob": "~7.1.2",
        "ignore": "~5.1.4",
        "js-yaml": "~3.13.1",
        "jsonc-parser": "~2.2.0",
        "lodash.differencewith": "~4.5.0",
        "lodash.flatten": "~4.4.0",
        "markdownlint": "~0.19.0",
        "markdownlint-rule-helpers": "~0.7.0",
        "minimatch": "~3.0.4",
        "rc": "~1.2.7"
      },
      "bin": {
        "markdownlint": "markdownlint.js"
      },
      "engines": {
        "node": ">=10"
      }
    },
    "node_modules/markdownlint-rule-helpers": {
      "version": "0.7.0",
      "resolved": "https://registry.npmjs.org/markdownlint-rule-helpers/-/markdownlint-rule-helpers-0.7.0.tgz",
      "integrity": "sha512-xZByWJNBaCMHo7nYPv/5aO8Jt68YcMvyouFXhuXmJzbqCsQy8rfCj0kYcv22kdK5PwAgMdbHg0hyTdURbUZtJw=="
    },
    "node_modules/marked": {
      "version": "4.0.12",
      "resolved": "https://registry.npmjs.org/marked/-/marked-4.0.12.tgz",
      "integrity": "sha512-hgibXWrEDNBWgGiK18j/4lkS6ihTe9sxtV4Q1OQppb/0zzyPSzoFANBa5MfsG/zgsWklmNnhm0XACZOH/0HBiQ==",
      "bin": {
        "marked": "bin/marked.js"
      },
      "engines": {
        "node": ">= 12"
      }
    },
    "node_modules/mdurl": {
      "version": "1.0.1",
      "resolved": "https://registry.npmjs.org/mdurl/-/mdurl-1.0.1.tgz",
      "integrity": "sha1-/oWy7HWlkDfyrf7BAP1sYBdhFS4="
    },
    "node_modules/minimatch": {
      "version": "3.0.4",
      "resolved": "https://registry.npmjs.org/minimatch/-/minimatch-3.0.4.tgz",
      "integrity": "sha512-yJHVQEhyqPLUTgt9B83PXu6W3rx4MvvHvSUvToogpwoGDOUQ+yDrR0HRot+yOCdCO7u4hX3pWft6kWBBcqh0UA==",
      "dependencies": {
        "brace-expansion": "^1.1.7"
      },
      "engines": {
        "node": "*"
      }
    },
    "node_modules/minimist": {
      "version": "1.2.5",
      "resolved": "https://registry.npmjs.org/minimist/-/minimist-1.2.5.tgz",
      "integrity": "sha512-FM9nNUYrRBAELZQT3xeZQ7fmMOBg6nWNmJKTcgsJeaLstP/UODVpGsr5OhXhhXg6f+qtJ8uiZ+PUxkDWcgIXLw=="
    },
    "node_modules/ms": {
      "version": "2.1.3",
      "resolved": "https://registry.npmjs.org/ms/-/ms-2.1.3.tgz",
      "integrity": "sha512-6FlzubTLZG3J2a/NVCAleEhjzq5oxgHyaCU9yYXvcLsvoVaHJq/s5xXI6/XXP6tz7R9xAOtHnSO/tXtF3WRTlA=="
    },
    "node_modules/needle": {
      "version": "3.0.0",
      "resolved": "https://registry.npmjs.org/needle/-/needle-3.0.0.tgz",
      "integrity": "sha512-eGr0qnfHxAjr+Eptl1zr2lgUQUPC1SZfTkg2kFi0kxr1ChJonHUVYobkug8siBKMlyUVVp56MSkp6CSeXH/jgw==",
      "dependencies": {
        "debug": "^3.2.6",
        "iconv-lite": "^0.4.4",
        "sax": "^1.2.4"
      },
      "bin": {
        "needle": "bin/needle"
      },
      "engines": {
        "node": ">= 4.4.x"
      }
    },
    "node_modules/once": {
      "version": "1.4.0",
      "resolved": "https://registry.npmjs.org/once/-/once-1.4.0.tgz",
      "integrity": "sha1-WDsap3WWHUsROsF9nFC6753Xa9E=",
      "dependencies": {
        "wrappy": "1"
      }
    },
    "node_modules/path-is-absolute": {
      "version": "1.0.1",
      "resolved": "https://registry.npmjs.org/path-is-absolute/-/path-is-absolute-1.0.1.tgz",
      "integrity": "sha1-F0uSaHNVNP+8es5r9TpanhtcX18=",
      "engines": {
        "node": ">=0.10.0"
      }
    },
    "node_modules/progress": {
      "version": "2.0.3",
      "resolved": "https://registry.npmjs.org/progress/-/progress-2.0.3.tgz",
      "integrity": "sha512-7PiHtLll5LdnKIMw100I+8xJXR5gW2QwWYkT6iJva0bXitZKa/XMrSbdmg3r2Xnaidz9Qumd0VPaMrZlF9V9sA==",
      "engines": {
        "node": ">=0.4.0"
      }
    },
    "node_modules/punycode": {
      "version": "2.1.1",
      "resolved": "https://registry.npmjs.org/punycode/-/punycode-2.1.1.tgz",
      "integrity": "sha512-XRsRjdf+j5ml+y/6GKHPZbrF/8p2Yga0JPtdqTIY2Xe5ohJPD9saDJJLPvp9+NSBprVvevdXZybnj2cv8OEd0A==",
      "engines": {
        "node": ">=6"
      }
    },
    "node_modules/rc": {
      "version": "1.2.8",
      "resolved": "https://registry.npmjs.org/rc/-/rc-1.2.8.tgz",
      "integrity": "sha512-y3bGgqKj3QBdxLbLkomlohkvsA8gdAiUQlSBJnBhfn+BPxg4bc62d8TcBW15wavDfgexCgccckhcZvywyQYPOw==",
      "dependencies": {
        "deep-extend": "^0.6.0",
        "ini": "~1.3.0",
        "minimist": "^1.2.0",
        "strip-json-comments": "~2.0.1"
      },
      "bin": {
        "rc": "cli.js"
      }
    },
    "node_modules/rc/node_modules/deep-extend": {
      "version": "0.6.0",
      "resolved": "https://registry.npmjs.org/deep-extend/-/deep-extend-0.6.0.tgz",
      "integrity": "sha512-LOHxIOaPYdHlJRtCQfDIVZtfw/ufM8+rVj649RIHzcm/vGwQRXFt6OPqIFWsm2XEMrNIEtWR64sY1LEKD2vAOA==",
      "engines": {
        "node": ">=4.0.0"
      }
    },
    "node_modules/run-script-os": {
      "version": "1.1.5",
      "resolved": "https://registry.npmjs.org/run-script-os/-/run-script-os-1.1.5.tgz",
      "integrity": "sha512-kLvUnf1SM1+gSH2bY1P41MNFaWdXaG2nkhoJS9WQNQxk6g9KNuncKderBLG7vOsp77GtQqNs0bEazxip/I6wfg==",
      "bin": {
        "run-os": "index.js",
        "run-script-os": "index.js"
      }
    },
    "node_modules/safer-buffer": {
      "version": "2.1.2",
      "resolved": "https://registry.npmjs.org/safer-buffer/-/safer-buffer-2.1.2.tgz",
      "integrity": "sha512-YZo3K82SD7Riyi0E1EQPojLz7kpepnSQI9IyPbHHg1XXXevb5dJI7tpyN2ADxGcQbHG7vcyRHk0cbwqcQriUtg=="
    },
    "node_modules/sax": {
      "version": "1.2.4",
      "resolved": "https://registry.npmjs.org/sax/-/sax-1.2.4.tgz",
      "integrity": "sha512-NqVDv9TpANUjFm0N8uM5GxL36UgKi9/atZw+x7YFnQ8ckwFGKrl4xX4yWtrey3UJm5nP1kUbnYgLopqWNSRhWw=="
    },
    "node_modules/sprintf-js": {
      "version": "1.0.3",
      "resolved": "https://registry.npmjs.org/sprintf-js/-/sprintf-js-1.0.3.tgz",
      "integrity": "sha1-BOaSb2YolTVPPdAVIDYzuFcpfiw="
    },
    "node_modules/strip-json-comments": {
      "version": "2.0.1",
      "resolved": "https://registry.npmjs.org/strip-json-comments/-/strip-json-comments-2.0.1.tgz",
      "integrity": "sha1-PFMZQukIwml8DsNEhYwobHygpgo=",
      "engines": {
        "node": ">=0.10.0"
      }
    },
    "node_modules/supports-color": {
      "version": "7.2.0",
      "resolved": "https://registry.npmjs.org/supports-color/-/supports-color-7.2.0.tgz",
      "integrity": "sha512-qpCAvRl9stuOHveKsn7HncJRvv501qIacKzQlO/+Lwxc9+0q2wLyv4Dfvt80/DPn2pqOBsJdDiogXGR9+OvwRw==",
      "dependencies": {
        "has-flag": "^4.0.0"
      },
      "engines": {
        "node": ">=8"
      }
    },
    "node_modules/uc.micro": {
      "version": "1.0.6",
      "resolved": "https://registry.npmjs.org/uc.micro/-/uc.micro-1.0.6.tgz",
      "integrity": "sha512-8Y75pvTYkLJW2hWQHXxoqRgV7qb9B+9vFEtidML+7koHUFapnVJAZ6cKs+Qjz5Aw3aZWHMC6u0wJE3At+nSGwA=="
    },
    "node_modules/wrappy": {
      "version": "1.0.2",
      "resolved": "https://registry.npmjs.org/wrappy/-/wrappy-1.0.2.tgz",
      "integrity": "sha1-tSQ9jz7BqjXxNkYFvA0QNuMKtp8="
    }
  },
  "dependencies": {
    "ansi-styles": {
      "version": "4.3.0",
      "resolved": "https://registry.npmjs.org/ansi-styles/-/ansi-styles-4.3.0.tgz",
      "integrity": "sha512-zbB9rCJAT1rbjiVDb2hqKFHNYLxgtk8NURxZ3IZwD3F6NtxbXZQCnnSi1Lkx+IDohdPlFp222wVALIheZJQSEg==",
      "requires": {
        "color-convert": "^2.0.1"
      }
    },
    "argparse": {
      "version": "1.0.10",
      "resolved": "https://registry.npmjs.org/argparse/-/argparse-1.0.10.tgz",
      "integrity": "sha512-o5Roy6tNG4SL/FOkCAN6RzjiakZS25RLYFrcMttJqbdd8BWrnA+fGz57iN5Pb06pvBGvl5gQ0B48dJlslXvoTg==",
      "requires": {
        "sprintf-js": "~1.0.2"
      }
    },
    "async": {
      "version": "3.2.3",
      "resolved": "https://registry.npmjs.org/async/-/async-3.2.3.tgz",
      "integrity": "sha512-spZRyzKL5l5BZQrr/6m/SqFdBN0q3OCI0f9rjfBzCMBIP4p75P620rR3gTmaksNOhmzgdxcaxdNfMy6anrbM0g=="
    },
    "balanced-match": {
      "version": "1.0.0",
      "resolved": "https://registry.npmjs.org/balanced-match/-/balanced-match-1.0.0.tgz",
      "integrity": "sha1-ibTRmasr7kneFk6gK4nORi1xt2c="
    },
    "brace-expansion": {
      "version": "1.1.11",
      "resolved": "https://registry.npmjs.org/brace-expansion/-/brace-expansion-1.1.11.tgz",
      "integrity": "sha512-iCuPHDFgrHX7H2vEI/5xpz07zSHB00TpugqhmYtVmMO6518mCuRMoOYFldEBl0g187ufozdaHgWKcYFb61qGiA==",
      "requires": {
        "balanced-match": "^1.0.0",
        "concat-map": "0.0.1"
      }
    },
    "chalk": {
      "version": "4.1.2",
      "resolved": "https://registry.npmjs.org/chalk/-/chalk-4.1.2.tgz",
      "integrity": "sha512-oKnbhFyRIXpUuez8iBMmyEa4nbj4IOQyuhc/wy9kY7/WVPcwIO9VA668Pu8RkO7+0G76SLROeyw9CpQ061i4mA==",
      "requires": {
        "ansi-styles": "^4.1.0",
        "supports-color": "^7.1.0"
      }
    },
    "color-convert": {
      "version": "2.0.1",
      "resolved": "https://registry.npmjs.org/color-convert/-/color-convert-2.0.1.tgz",
      "integrity": "sha512-RRECPsj7iu/xb5oKYcsFHSppFNnsj/52OVTRKb4zP5onXwVF3zVmmToNcOfGC+CRDpfK/U584fMg38ZHCaElKQ==",
      "requires": {
        "color-name": "~1.1.4"
      }
    },
    "color-name": {
      "version": "1.1.4",
      "resolved": "https://registry.npmjs.org/color-name/-/color-name-1.1.4.tgz",
      "integrity": "sha512-dOy+3AuW3a2wNbZHIuMZpTcgjGuLU/uBL/ubcZF9OXbDo8ff4O8yVp5Bf0efS8uEoYo5q4Fx7dY9OgQGXgAsQA=="
    },
    "commander": {
      "version": "2.9.0",
      "resolved": "https://registry.npmjs.org/commander/-/commander-2.9.0.tgz",
      "integrity": "sha1-nJkJQXbhIkDLItbFFGCYQA/g99Q=",
      "requires": {
        "graceful-readlink": ">= 1.0.0"
      }
    },
    "concat-map": {
      "version": "0.0.1",
      "resolved": "https://registry.npmjs.org/concat-map/-/concat-map-0.0.1.tgz",
      "integrity": "sha1-2Klr13/Wjfd5OnMDajug1UBdR3s="
    },
    "debug": {
      "version": "3.2.7",
      "resolved": "https://registry.npmjs.org/debug/-/debug-3.2.7.tgz",
      "integrity": "sha512-CFjzYYAi4ThfiQvizrFQevTTXHtnCqWfe7x1AhgEscTz6ZbLbfoLRLPugTQyBth6f8ZERVUSyWHFD/7Wu4t1XQ==",
      "requires": {
        "ms": "^2.1.1"
      }
    },
    "deep-extend": {
      "version": "0.5.1",
      "resolved": "https://registry.npmjs.org/deep-extend/-/deep-extend-0.5.1.tgz",
      "integrity": "sha512-N8vBdOa+DF7zkRrDCsaOXoCs/E2fJfx9B9MrKnnSiHNh4ws7eSys6YQE4KvT1cecKmOASYQBhbKjeuDD9lT81w=="
    },
    "entities": {
      "version": "2.0.2",
      "resolved": "https://registry.npmjs.org/entities/-/entities-2.0.2.tgz",
      "integrity": "sha512-dmD3AvJQBUjKpcNkoqr+x+IF0SdRtPz9Vk0uTy4yWqga9ibB6s4v++QFWNohjiUGoMlF552ZvNyXDxz5iW0qmw=="
    },
    "esprima": {
      "version": "4.0.1",
      "resolved": "https://registry.npmjs.org/esprima/-/esprima-4.0.1.tgz",
      "integrity": "sha512-eGuFFw7Upda+g4p+QHvnW0RyTX/SVeJBDM/gCtMARO0cLuT2HcEKnTPvhjV6aGeqrCB/sbNop0Kszm0jsaWU4A=="
    },
    "fs.realpath": {
      "version": "1.0.0",
      "resolved": "https://registry.npmjs.org/fs.realpath/-/fs.realpath-1.0.0.tgz",
      "integrity": "sha1-FQStJSMVjKpA20onh8sBQRmU6k8="
    },
    "get-stdin": {
      "version": "5.0.1",
      "resolved": "https://registry.npmjs.org/get-stdin/-/get-stdin-5.0.1.tgz",
      "integrity": "sha1-Ei4WFZHiH/TFJTAwVpPyDmOTo5g="
    },
    "glob": {
      "version": "7.1.6",
      "resolved": "https://registry.npmjs.org/glob/-/glob-7.1.6.tgz",
      "integrity": "sha512-LwaxwyZ72Lk7vZINtNNrywX0ZuLyStrdDtabefZKAY5ZGJhVtgdznluResxNmPitE0SAO+O26sWTHeKSI2wMBA==",
      "requires": {
        "fs.realpath": "^1.0.0",
        "inflight": "^1.0.4",
        "inherits": "2",
        "minimatch": "^3.0.4",
        "once": "^1.3.0",
        "path-is-absolute": "^1.0.0"
      }
    },
    "graceful-readlink": {
      "version": "1.0.1",
      "resolved": "https://registry.npmjs.org/graceful-readlink/-/graceful-readlink-1.0.1.tgz",
      "integrity": "sha1-TK+tdrxi8C+gObL5Tpo906ORpyU="
    },
    "has-flag": {
      "version": "4.0.0",
      "resolved": "https://registry.npmjs.org/has-flag/-/has-flag-4.0.0.tgz",
      "integrity": "sha512-EykJT/Q1KjTWctppgIAgfSO0tKVuZUjhgMr17kqTumMl6Afv3EISleU7qZUzoXDFTAHTDC4NOoG/ZxU3EvlMPQ=="
    },
    "iconv-lite": {
      "version": "0.4.24",
      "resolved": "https://registry.npmjs.org/iconv-lite/-/iconv-lite-0.4.24.tgz",
      "integrity": "sha512-v3MXnZAcvnywkTUEZomIActle7RXXeedOR31wwl7VlyoXO4Qi9arvSenNQWne1TcRwhCL1HwLI21bEqdpj8/rA==",
      "requires": {
        "safer-buffer": ">= 2.1.2 < 3"
      }
    },
    "ignore": {
      "version": "5.1.6",
      "resolved": "https://registry.npmjs.org/ignore/-/ignore-5.1.6.tgz",
      "integrity": "sha512-cgXgkypZBcCnOgSihyeqbo6gjIaIyDqPQB7Ra4vhE9m6kigdGoQDMHjviFhRZo3IMlRy6yElosoviMs5YxZXUA=="
    },
    "inflight": {
      "version": "1.0.6",
      "resolved": "https://registry.npmjs.org/inflight/-/inflight-1.0.6.tgz",
      "integrity": "sha1-Sb1jMdfQLQwJvJEKEHW6gWW1bfk=",
      "requires": {
        "once": "^1.3.0",
        "wrappy": "1"
      }
    },
    "inherits": {
      "version": "2.0.4",
      "resolved": "https://registry.npmjs.org/inherits/-/inherits-2.0.4.tgz",
      "integrity": "sha512-k/vGaX4/Yla3WzyMCvTQOXYeIHvqOKtnqBduzTHpzpQZzAskKMhZ2K+EnBiSM9zGSoIFeMpXKxa4dYeZIQqewQ=="
    },
    "ini": {
      "version": "1.3.8",
      "resolved": "https://registry.npmjs.org/ini/-/ini-1.3.8.tgz",
      "integrity": "sha512-JV/yugV2uzW5iMRSiZAyDtQd+nxtUnjeLt0acNdw98kKLrvuRVyB80tsREOE7yvGVgalhZ6RNXCmEHkUKBKxew=="
    },
    "is-absolute-url": {
      "version": "3.0.3",
      "resolved": "https://registry.npmjs.org/is-absolute-url/-/is-absolute-url-3.0.3.tgz",
      "integrity": "sha512-opmNIX7uFnS96NtPmhWQgQx6/NYFgsUXYMllcfzwWKUMwfo8kku1TvE6hkNcH+Q1ts5cMVrsY7j0bxXQDciu9Q=="
    },
    "is-relative-url": {
      "version": "3.0.0",
      "resolved": "https://registry.npmjs.org/is-relative-url/-/is-relative-url-3.0.0.tgz",
      "integrity": "sha512-U1iSYRlY2GIMGuZx7gezlB5dp1Kheaym7zKzO1PV06mOihiWTXejLwm4poEJysPyXF+HtK/BEd0DVlcCh30pEA==",
      "requires": {
        "is-absolute-url": "^3.0.0"
      }
    },
    "isemail": {
      "version": "3.2.0",
      "resolved": "https://registry.npmjs.org/isemail/-/isemail-3.2.0.tgz",
      "integrity": "sha512-zKqkK+O+dGqevc93KNsbZ/TqTUFd46MwWjYOoMrjIMZ51eU7DtQG3Wmd9SQQT7i7RVnuTPEiYEWHU3MSbxC1Tg==",
      "requires": {
        "punycode": "2.x.x"
      }
    },
    "js-yaml": {
      "version": "3.13.1",
      "resolved": "https://registry.npmjs.org/js-yaml/-/js-yaml-3.13.1.tgz",
      "integrity": "sha512-YfbcO7jXDdyj0DGxYVSlSeQNHbD7XPWvrVWeVUujrQEoZzWJIRrCPoyk6kL6IAjAG2IolMK4T0hNUe0HOUs5Jw==",
      "requires": {
        "argparse": "^1.0.7",
        "esprima": "^4.0.0"
      }
    },
    "jsonc-parser": {
      "version": "2.2.1",
      "resolved": "https://registry.npmjs.org/jsonc-parser/-/jsonc-parser-2.2.1.tgz",
      "integrity": "sha512-o6/yDBYccGvTz1+QFevz6l6OBZ2+fMVu2JZ9CIhzsYRX4mjaK5IyX9eldUdCmga16zlgQxyrj5pt9kzuj2C02w=="
    },
    "link-check": {
      "version": "5.0.2",
      "resolved": "https://registry.npmjs.org/link-check/-/link-check-5.0.2.tgz",
      "integrity": "sha512-F7k7HzOFY3lh11o3nQTCfi3HTrUMbn/0LQ5aBU7vgronoh8HWGZfRC4Jh0ghuQDbtTGNO4u4is6AoqK0hsYDJg==",
      "requires": {
        "is-relative-url": "^3.0.0",
        "isemail": "^3.2.0",
        "ms": "^2.1.3",
        "needle": "^3.0.0"
      }
    },
    "linkify-it": {
      "version": "2.2.0",
      "resolved": "https://registry.npmjs.org/linkify-it/-/linkify-it-2.2.0.tgz",
      "integrity": "sha512-GnAl/knGn+i1U/wjBz3akz2stz+HrHLsxMwHQGofCDfPvlf+gDKN58UtfmUquTY4/MXeE2x7k19KQmeoZi94Iw==",
      "requires": {
        "uc.micro": "^1.0.1"
      }
    },
    "lodash": {
      "version": "4.17.21",
      "resolved": "https://registry.npmjs.org/lodash/-/lodash-4.17.21.tgz",
      "integrity": "sha512-v2kDEe57lecTulaDIuNTPy3Ry4gLGJ6Z1O3vE1krgXZNrsQ+LFTGHVxVjcXPs17LhbZVGedAJv8XZ1tvj5FvSg=="
    },
    "lodash.differencewith": {
      "version": "4.5.0",
      "resolved": "https://registry.npmjs.org/lodash.differencewith/-/lodash.differencewith-4.5.0.tgz",
      "integrity": "sha1-uvr7yRi1UVTheRdqALsK76rIVLc="
    },
    "lodash.flatten": {
      "version": "4.4.0",
      "resolved": "https://registry.npmjs.org/lodash.flatten/-/lodash.flatten-4.4.0.tgz",
      "integrity": "sha1-8xwiIlqWMtK7+OSt2+8kCqdlph8="
    },
    "markdown-it": {
      "version": "10.0.0",
      "resolved": "https://registry.npmjs.org/markdown-it/-/markdown-it-10.0.0.tgz",
      "integrity": "sha512-YWOP1j7UbDNz+TumYP1kpwnP0aEa711cJjrAQrzd0UXlbJfc5aAq0F/PZHjiioqDC1NKgvIMX+o+9Bk7yuM2dg==",
      "requires": {
        "argparse": "^1.0.7",
        "entities": "~2.0.0",
        "linkify-it": "^2.0.0",
        "mdurl": "^1.0.1",
        "uc.micro": "^1.0.5"
      }
    },
    "markdown-link-check": {
      "version": "3.9.3",
      "resolved": "https://registry.npmjs.org/markdown-link-check/-/markdown-link-check-3.9.3.tgz",
      "integrity": "sha512-eXW4jTs0z7MBnTnpgaM+jRNtEwBjKCW3yldNCE4v7kHqpm4BTGPaBbXqzt/Kdz1/fZl91hIXgBE/21yps1PtIQ==",
      "requires": {
        "async": "^3.2.3",
        "chalk": "^4.1.2",
        "commander": "^6.2.0",
        "link-check": "^5.0.2",
        "lodash": "^4.17.21",
        "markdown-link-extractor": "^1.3.1",
        "needle": "^3.0.0",
        "progress": "^2.0.3"
      },
      "dependencies": {
        "commander": {
          "version": "6.2.1",
          "resolved": "https://registry.npmjs.org/commander/-/commander-6.2.1.tgz",
          "integrity": "sha512-U7VdrJFnJgo4xjrHpTzu0yrHPGImdsmD95ZlgYSEajAn2JKzDhDTPG9kBTefmObL2w/ngeZnilk+OV9CG3d7UA=="
        }
      }
    },
    "markdown-link-extractor": {
      "version": "1.3.1",
      "resolved": "https://registry.npmjs.org/markdown-link-extractor/-/markdown-link-extractor-1.3.1.tgz",
      "integrity": "sha512-IosNBtHXplzEq2n9WoSi83LNLCWgLnb+8Xq379Ct5xrLLzmqPUtc+A1oqo6Sd32YfKus9uLedFNSwFK1sCzoNQ==",
      "requires": {
        "marked": "^4.0.10"
      }
    },
    "markdownlint": {
      "version": "0.19.0",
      "resolved": "https://registry.npmjs.org/markdownlint/-/markdownlint-0.19.0.tgz",
      "integrity": "sha512-+MsWOnYVUH4klcKM7iRx5cno9FQMDAb6FC6mWlZkeXPwIaK6Z5Vd9VkXkykPidRqmLHU2wI+MNyfUMnUCBw3pQ==",
      "requires": {
        "markdown-it": "10.0.0"
      }
    },
    "markdownlint-cli": {
      "version": "0.22.0",
      "resolved": "https://registry.npmjs.org/markdownlint-cli/-/markdownlint-cli-0.22.0.tgz",
      "integrity": "sha512-qRg6tK5dXWqkaFvEstz9YSQal1ECMgofrSZgdBOaPWG8cD50pk8Hs0ZpBCJ6SCHPKF71pCdtuSL2u82sIx2XWA==",
      "requires": {
        "commander": "~2.9.0",
        "deep-extend": "~0.5.1",
        "get-stdin": "~5.0.1",
        "glob": "~7.1.2",
        "ignore": "~5.1.4",
        "js-yaml": "~3.13.1",
        "jsonc-parser": "~2.2.0",
        "lodash.differencewith": "~4.5.0",
        "lodash.flatten": "~4.4.0",
        "markdownlint": "~0.19.0",
        "markdownlint-rule-helpers": "~0.7.0",
        "minimatch": "~3.0.4",
        "rc": "~1.2.7"
      }
    },
    "markdownlint-rule-helpers": {
      "version": "0.7.0",
      "resolved": "https://registry.npmjs.org/markdownlint-rule-helpers/-/markdownlint-rule-helpers-0.7.0.tgz",
      "integrity": "sha512-xZByWJNBaCMHo7nYPv/5aO8Jt68YcMvyouFXhuXmJzbqCsQy8rfCj0kYcv22kdK5PwAgMdbHg0hyTdURbUZtJw=="
    },
    "marked": {
      "version": "4.0.12",
      "resolved": "https://registry.npmjs.org/marked/-/marked-4.0.12.tgz",
      "integrity": "sha512-hgibXWrEDNBWgGiK18j/4lkS6ihTe9sxtV4Q1OQppb/0zzyPSzoFANBa5MfsG/zgsWklmNnhm0XACZOH/0HBiQ=="
    },
    "mdurl": {
      "version": "1.0.1",
      "resolved": "https://registry.npmjs.org/mdurl/-/mdurl-1.0.1.tgz",
      "integrity": "sha1-/oWy7HWlkDfyrf7BAP1sYBdhFS4="
    },
    "minimatch": {
      "version": "3.0.4",
      "resolved": "https://registry.npmjs.org/minimatch/-/minimatch-3.0.4.tgz",
      "integrity": "sha512-yJHVQEhyqPLUTgt9B83PXu6W3rx4MvvHvSUvToogpwoGDOUQ+yDrR0HRot+yOCdCO7u4hX3pWft6kWBBcqh0UA==",
      "requires": {
        "brace-expansion": "^1.1.7"
      }
    },
    "minimist": {
      "version": "1.2.5",
      "resolved": "https://registry.npmjs.org/minimist/-/minimist-1.2.5.tgz",
      "integrity": "sha512-FM9nNUYrRBAELZQT3xeZQ7fmMOBg6nWNmJKTcgsJeaLstP/UODVpGsr5OhXhhXg6f+qtJ8uiZ+PUxkDWcgIXLw=="
    },
    "ms": {
      "version": "2.1.3",
      "resolved": "https://registry.npmjs.org/ms/-/ms-2.1.3.tgz",
      "integrity": "sha512-6FlzubTLZG3J2a/NVCAleEhjzq5oxgHyaCU9yYXvcLsvoVaHJq/s5xXI6/XXP6tz7R9xAOtHnSO/tXtF3WRTlA=="
    },
    "needle": {
      "version": "3.0.0",
      "resolved": "https://registry.npmjs.org/needle/-/needle-3.0.0.tgz",
      "integrity": "sha512-eGr0qnfHxAjr+Eptl1zr2lgUQUPC1SZfTkg2kFi0kxr1ChJonHUVYobkug8siBKMlyUVVp56MSkp6CSeXH/jgw==",
      "requires": {
        "debug": "^3.2.6",
        "iconv-lite": "^0.4.4",
        "sax": "^1.2.4"
      }
    },
    "once": {
      "version": "1.4.0",
      "resolved": "https://registry.npmjs.org/once/-/once-1.4.0.tgz",
      "integrity": "sha1-WDsap3WWHUsROsF9nFC6753Xa9E=",
      "requires": {
        "wrappy": "1"
      }
    },
    "path-is-absolute": {
      "version": "1.0.1",
      "resolved": "https://registry.npmjs.org/path-is-absolute/-/path-is-absolute-1.0.1.tgz",
      "integrity": "sha1-F0uSaHNVNP+8es5r9TpanhtcX18="
    },
    "progress": {
      "version": "2.0.3",
      "resolved": "https://registry.npmjs.org/progress/-/progress-2.0.3.tgz",
      "integrity": "sha512-7PiHtLll5LdnKIMw100I+8xJXR5gW2QwWYkT6iJva0bXitZKa/XMrSbdmg3r2Xnaidz9Qumd0VPaMrZlF9V9sA=="
    },
    "punycode": {
      "version": "2.1.1",
      "resolved": "https://registry.npmjs.org/punycode/-/punycode-2.1.1.tgz",
      "integrity": "sha512-XRsRjdf+j5ml+y/6GKHPZbrF/8p2Yga0JPtdqTIY2Xe5ohJPD9saDJJLPvp9+NSBprVvevdXZybnj2cv8OEd0A=="
    },
    "rc": {
      "version": "1.2.8",
      "resolved": "https://registry.npmjs.org/rc/-/rc-1.2.8.tgz",
      "integrity": "sha512-y3bGgqKj3QBdxLbLkomlohkvsA8gdAiUQlSBJnBhfn+BPxg4bc62d8TcBW15wavDfgexCgccckhcZvywyQYPOw==",
      "requires": {
        "deep-extend": "^0.6.0",
        "ini": "~1.3.0",
        "minimist": "^1.2.0",
        "strip-json-comments": "~2.0.1"
      },
      "dependencies": {
        "deep-extend": {
          "version": "0.6.0",
          "resolved": "https://registry.npmjs.org/deep-extend/-/deep-extend-0.6.0.tgz",
          "integrity": "sha512-LOHxIOaPYdHlJRtCQfDIVZtfw/ufM8+rVj649RIHzcm/vGwQRXFt6OPqIFWsm2XEMrNIEtWR64sY1LEKD2vAOA=="
        }
      }
    },
    "run-script-os": {
      "version": "1.1.5",
      "resolved": "https://registry.npmjs.org/run-script-os/-/run-script-os-1.1.5.tgz",
      "integrity": "sha512-kLvUnf1SM1+gSH2bY1P41MNFaWdXaG2nkhoJS9WQNQxk6g9KNuncKderBLG7vOsp77GtQqNs0bEazxip/I6wfg=="
    },
    "safer-buffer": {
      "version": "2.1.2",
      "resolved": "https://registry.npmjs.org/safer-buffer/-/safer-buffer-2.1.2.tgz",
      "integrity": "sha512-YZo3K82SD7Riyi0E1EQPojLz7kpepnSQI9IyPbHHg1XXXevb5dJI7tpyN2ADxGcQbHG7vcyRHk0cbwqcQriUtg=="
    },
    "sax": {
      "version": "1.2.4",
      "resolved": "https://registry.npmjs.org/sax/-/sax-1.2.4.tgz",
      "integrity": "sha512-NqVDv9TpANUjFm0N8uM5GxL36UgKi9/atZw+x7YFnQ8ckwFGKrl4xX4yWtrey3UJm5nP1kUbnYgLopqWNSRhWw=="
    },
    "sprintf-js": {
      "version": "1.0.3",
      "resolved": "https://registry.npmjs.org/sprintf-js/-/sprintf-js-1.0.3.tgz",
      "integrity": "sha1-BOaSb2YolTVPPdAVIDYzuFcpfiw="
    },
    "strip-json-comments": {
      "version": "2.0.1",
      "resolved": "https://registry.npmjs.org/strip-json-comments/-/strip-json-comments-2.0.1.tgz",
      "integrity": "sha1-PFMZQukIwml8DsNEhYwobHygpgo="
    },
    "supports-color": {
      "version": "7.2.0",
      "resolved": "https://registry.npmjs.org/supports-color/-/supports-color-7.2.0.tgz",
      "integrity": "sha512-qpCAvRl9stuOHveKsn7HncJRvv501qIacKzQlO/+Lwxc9+0q2wLyv4Dfvt80/DPn2pqOBsJdDiogXGR9+OvwRw==",
      "requires": {
        "has-flag": "^4.0.0"
      }
    },
    "uc.micro": {
      "version": "1.0.6",
      "resolved": "https://registry.npmjs.org/uc.micro/-/uc.micro-1.0.6.tgz",
      "integrity": "sha512-8Y75pvTYkLJW2hWQHXxoqRgV7qb9B+9vFEtidML+7koHUFapnVJAZ6cKs+Qjz5Aw3aZWHMC6u0wJE3At+nSGwA=="
    },
    "wrappy": {
      "version": "1.0.2",
      "resolved": "https://registry.npmjs.org/wrappy/-/wrappy-1.0.2.tgz",
      "integrity": "sha1-tSQ9jz7BqjXxNkYFvA0QNuMKtp8="
    }
  }
}
