{
  "name": "code-with-engineering-playbook",
  "lockfileVersion": 2,
  "requires": true,
  "packages": {
    "": {
      "dependencies": {
        "run-script-os": "1.1.5"
      }
    },
    "node_modules/run-script-os": {
      "version": "1.1.5",
      "resolved": "https://registry.npmjs.org/run-script-os/-/run-script-os-1.1.5.tgz",
      "integrity": "sha512-kLvUnf1SM1+gSH2bY1P41MNFaWdXaG2nkhoJS9WQNQxk6g9KNuncKderBLG7vOsp77GtQqNs0bEazxip/I6wfg==",
      "bin": {
        "run-os": "index.js",
        "run-script-os": "index.js"
      }
    }
  },
  "dependencies": {
    "run-script-os": {
      "version": "1.1.5",
      "resolved": "https://registry.npmjs.org/run-script-os/-/run-script-os-1.1.5.tgz",
      "integrity": "sha512-kLvUnf1SM1+gSH2bY1P41MNFaWdXaG2nkhoJS9WQNQxk6g9KNuncKderBLG7vOsp77GtQqNs0bEazxip/I6wfg=="
    }
  }
}
