
Microsoft Visual Studio Solution File, Format Version 12.00
# Visual Studio Version 16
VisualStudioVersion = 16.0.30523.141
MinimumVisualStudioVersion = 10.0.40219.1
Project("{FAE04EC0-301F-11D3-BF4B-00C04F79EFBC}") = "TocDocFxCreation", "TocDocFxCreation.csproj", "{FA0CA120-2DA5-4167-98F0-37DC7C406918}"
EndProject
Global
	GlobalSection(SolutionConfigurationPlatforms) = preSolution
		Debug|Any CPU = Debug|Any CPU
		Release|Any CPU = Release|Any CPU
	EndGlobalSection
	GlobalSection(ProjectConfigurationPlatforms) = postSolution
		{FA0CA120-2DA5-4167-98F0-37DC7C406918}.Debug|Any CPU.ActiveCfg = Debug|Any CPU
		{FA0CA120-2DA5-4167-98F0-37DC7C406918}.Debug|Any CPU.Build.0 = Debug|Any CPU
		{FA0CA120-2DA5-4167-98F0-37DC7C406918}.Release|Any CPU.ActiveCfg = Release|Any CPU
		{FA0CA120-2DA5-4167-98F0-37DC7C406918}.Release|Any CPU.Build.0 = Release|Any CPU
	EndGlobalSection
	GlobalSection(SolutionProperties) = preSolution
		HideSolutionNode = FALSE
	EndGlobalSection
	GlobalSection(ExtensibilityGlobals) = postSolution
		SolutionGuid = {DB7435EE-AA7C-4AC6-A5A9-C10AA6DB1CC2}
	EndGlobalSection
EndGlobal
